
Microsoft Visual Studio Solution File, Format Version 12.00
# Visual Studio 15
VisualStudioVersion = 15.0.27130.2010
MinimumVisualStudioVersion = 10.0.40219.1
Project("{2150E333-8FDC-42A3-9474-1A3956D46DE8}") = "Build", "Build", "{648BA441-31D3-4A16-8970-CE71BEB6FA5F}"
	ProjectSection(SolutionItems) = preProject
		.gitignore = .gitignore
		bootstrap.ps1 = bootstrap.ps1
		build.ps1 = build.ps1
		src\Directory.Build.props = src\Directory.Build.props
		README.md = README.md
		build\repo.props = build\repo.props
		build\sources.props = build\sources.props
		version.props = version.props
	EndProjectSection
EndProject
Project("{2150E333-8FDC-42A3-9474-1A3956D46DE8}") = "Tests", "Tests", "{51A71DC0-F4E1-4BF8-AF63-C28752AD634C}"
EndProject
Project("{9A19103F-16F7-4668-BE54-9A1E7A4F7556}") = "ExampleAPI", "src\ExampleAPI\ExampleAPI.csproj", "{87FFA828-4902-4F3A-8701-E4E627CDB2F2}"
EndProject
Project("{9A19103F-16F7-4668-BE54-9A1E7A4F7556}") = "Csg.AspNetCore.Authentication.ApiKey", "src\Csg.AspNetCore.Authentication.ApiKey\Csg.AspNetCore.Authentication.ApiKey.csproj", "{B2F0B980-B1E1-4D58-834F-0771ACB8B42D}"
EndProject
Project("{9A19103F-16F7-4668-BE54-9A1E7A4F7556}") = "Csg.AspNetCore.Authentication.ApiKey.SqlServer", "src\Csg.AspNetCore.Authentication.ApiKey.SqlServer\Csg.AspNetCore.Authentication.ApiKey.SqlServer.csproj", "{AC397B5C-CC4D-4E52-8DA8-0591F54F530C}"
EndProject
Project("{9A19103F-16F7-4668-BE54-9A1E7A4F7556}") = "Csg.AspNetCore.Authentication.ApiKey.Tests", "tests\Csg.AspNetCore.Authentication.ApiKey.Tests\Csg.AspNetCore.Authentication.ApiKey.Tests.csproj", "{FB2761B1-886C-4E10-8A34-57E12F3E489F}"
EndProject
Project("{FAE04EC0-301F-11D3-BF4B-00C04F79EFBC}") = "ExampleClient", "src\ExampleClient\ExampleClient.csproj", "{BDCCFBB5-E112-4B5E-8712-570DD916ACA2}"
EndProject
Project("{9A19103F-16F7-4668-BE54-9A1E7A4F7556}") = "Csg.AspNetCore.Authentication.ApiKey.Client", "src\Csg.AspNetCore.Authentication.ApiKey.Client\Csg.AspNetCore.Authentication.ApiKey.Client.csproj", "{2DA7B93E-68D2-42E2-B614-22A7C39CF677}"
EndProject
Global
	GlobalSection(SolutionConfigurationPlatforms) = preSolution
		Debug|Any CPU = Debug|Any CPU
		Release|Any CPU = Release|Any CPU
	EndGlobalSection
	GlobalSection(ProjectConfigurationPlatforms) = postSolution
		{87FFA828-4902-4F3A-8701-E4E627CDB2F2}.Debug|Any CPU.ActiveCfg = Debug|Any CPU
		{87FFA828-4902-4F3A-8701-E4E627CDB2F2}.Debug|Any CPU.Build.0 = Debug|Any CPU
		{87FFA828-4902-4F3A-8701-E4E627CDB2F2}.Release|Any CPU.ActiveCfg = Release|Any CPU
		{B2F0B980-B1E1-4D58-834F-0771ACB8B42D}.Debug|Any CPU.ActiveCfg = Debug|Any CPU
		{B2F0B980-B1E1-4D58-834F-0771ACB8B42D}.Debug|Any CPU.Build.0 = Debug|Any CPU
		{B2F0B980-B1E1-4D58-834F-0771ACB8B42D}.Release|Any CPU.ActiveCfg = Release|Any CPU
		{B2F0B980-B1E1-4D58-834F-0771ACB8B42D}.Release|Any CPU.Build.0 = Release|Any CPU
		{AC397B5C-CC4D-4E52-8DA8-0591F54F530C}.Debug|Any CPU.ActiveCfg = Debug|Any CPU
		{AC397B5C-CC4D-4E52-8DA8-0591F54F530C}.Debug|Any CPU.Build.0 = Debug|Any CPU
		{AC397B5C-CC4D-4E52-8DA8-0591F54F530C}.Release|Any CPU.ActiveCfg = Release|Any CPU
		{AC397B5C-CC4D-4E52-8DA8-0591F54F530C}.Release|Any CPU.Build.0 = Release|Any CPU
		{FB2761B1-886C-4E10-8A34-57E12F3E489F}.Debug|Any CPU.ActiveCfg = Debug|Any CPU
		{FB2761B1-886C-4E10-8A34-57E12F3E489F}.Debug|Any CPU.Build.0 = Debug|Any CPU
		{FB2761B1-886C-4E10-8A34-57E12F3E489F}.Release|Any CPU.ActiveCfg = Release|Any CPU
		{FB2761B1-886C-4E10-8A34-57E12F3E489F}.Release|Any CPU.Build.0 = Release|Any CPU
		{BDCCFBB5-E112-4B5E-8712-570DD916ACA2}.Debug|Any CPU.ActiveCfg = Debug|Any CPU
		{BDCCFBB5-E112-4B5E-8712-570DD916ACA2}.Debug|Any CPU.Build.0 = Debug|Any CPU
		{BDCCFBB5-E112-4B5E-8712-570DD916ACA2}.Release|Any CPU.ActiveCfg = Release|Any CPU
		{BDCCFBB5-E112-4B5E-8712-570DD916ACA2}.Release|Any CPU.Build.0 = Release|Any CPU
		{2DA7B93E-68D2-42E2-B614-22A7C39CF677}.Debug|Any CPU.ActiveCfg = Debug|Any CPU
		{2DA7B93E-68D2-42E2-B614-22A7C39CF677}.Debug|Any CPU.Build.0 = Debug|Any CPU
		{2DA7B93E-68D2-42E2-B614-22A7C39CF677}.Release|Any CPU.ActiveCfg = Release|Any CPU
		{2DA7B93E-68D2-42E2-B614-22A7C39CF677}.Release|Any CPU.Build.0 = Release|Any CPU
	EndGlobalSection
	GlobalSection(SolutionProperties) = preSolution
		HideSolutionNode = FALSE
	EndGlobalSection
	GlobalSection(NestedProjects) = preSolution
		{FB2761B1-886C-4E10-8A34-57E12F3E489F} = {51A71DC0-F4E1-4BF8-AF63-C28752AD634C}
	EndGlobalSection
	GlobalSection(ExtensibilityGlobals) = postSolution
		SolutionGuid = {0E21AC56-6551-4639-BCF6-591DE16E7378}
	EndGlobalSection
EndGlobal
